
Microsoft Visual Studio Solution File, Format Version 12.00
# Visual Studio 2012
Project("{FAE04EC0-301F-11D3-BF4B-00C04F79EFBC}") = "SimpleSampleNet35", "SimpleSampleNet35\SimpleSampleNet35.csproj", "{1F5CE238-EC08-4EC8-BEAC-1974E96BD246}"
EndProject
Global
	GlobalSection(SolutionConfigurationPlatforms) = preSolution
		Debug|Any CPU = Debug|Any CPU
		Release|Any CPU = Release|Any CPU
	EndGlobalSection
	GlobalSection(ProjectConfigurationPlatforms) = postSolution
		{1F5CE238-EC08-4EC8-BEAC-1974E96BD246}.Debug|Any CPU.ActiveCfg = Debug|Any CPU
		{1F5CE238-EC08-4EC8-BEAC-1974E96BD246}.Debug|Any CPU.Build.0 = Debug|Any CPU
		{1F5CE238-EC08-4EC8-BEAC-1974E96BD246}.Release|Any CPU.ActiveCfg = Release|Any CPU
		{1F5CE238-EC08-4EC8-BEAC-1974E96BD246}.Release|Any CPU.Build.0 = Release|Any CPU
	EndGlobalSection
	GlobalSection(SolutionProperties) = preSolution
		HideSolutionNode = FALSE
	EndGlobalSection
EndGlobal
