
Microsoft Visual Studio Solution File, Format Version 12.00
# Visual Studio 2012
Project("{FAE04EC0-301F-11D3-BF4B-00C04F79EFBC}") = "Shamz.Core", "Shamz.Core\Shamz.Core.csproj", "{766B3ACA-A12C-4A36-AD25-3CF3DC15B410}"
EndProject
Project("{FAE04EC0-301F-11D3-BF4B-00C04F79EFBC}") = "Shamz.IntegrationTests", "Shamz.IntegrationTests\Shamz.IntegrationTests.csproj", "{22B20CF3-F42C-4557-A96C-86E3524A21BE}"
EndProject
Project("{FAE04EC0-301F-11D3-BF4B-00C04F79EFBC}") = "Shamz.UnitTests", "Shamz.UnitTests\Shamz.UnitTests.csproj", "{76EC4A99-A2FF-4C3E-B1AF-3B5A21FEEBC6}"
EndProject
Project("{FAE04EC0-301F-11D3-BF4B-00C04F79EFBC}") = "Shamz.Console", "Shamz.Console\Shamz.Console.csproj", "{19074A01-55EB-4CC9-B842-6E58B9D7FAC3}"
EndProject
Global
	GlobalSection(SolutionConfigurationPlatforms) = preSolution
		Debug|Any CPU = Debug|Any CPU
		Release|Any CPU = Release|Any CPU
	EndGlobalSection
	GlobalSection(ProjectConfigurationPlatforms) = postSolution
		{766B3ACA-A12C-4A36-AD25-3CF3DC15B410}.Debug|Any CPU.ActiveCfg = Debug|Any CPU
		{766B3ACA-A12C-4A36-AD25-3CF3DC15B410}.Debug|Any CPU.Build.0 = Debug|Any CPU
		{766B3ACA-A12C-4A36-AD25-3CF3DC15B410}.Release|Any CPU.ActiveCfg = Release|Any CPU
		{766B3ACA-A12C-4A36-AD25-3CF3DC15B410}.Release|Any CPU.Build.0 = Release|Any CPU
		{22B20CF3-F42C-4557-A96C-86E3524A21BE}.Debug|Any CPU.ActiveCfg = Debug|Any CPU
		{22B20CF3-F42C-4557-A96C-86E3524A21BE}.Debug|Any CPU.Build.0 = Debug|Any CPU
		{22B20CF3-F42C-4557-A96C-86E3524A21BE}.Release|Any CPU.ActiveCfg = Release|Any CPU
		{22B20CF3-F42C-4557-A96C-86E3524A21BE}.Release|Any CPU.Build.0 = Release|Any CPU
		{76EC4A99-A2FF-4C3E-B1AF-3B5A21FEEBC6}.Debug|Any CPU.ActiveCfg = Debug|Any CPU
		{76EC4A99-A2FF-4C3E-B1AF-3B5A21FEEBC6}.Debug|Any CPU.Build.0 = Debug|Any CPU
		{76EC4A99-A2FF-4C3E-B1AF-3B5A21FEEBC6}.Release|Any CPU.ActiveCfg = Release|Any CPU
		{76EC4A99-A2FF-4C3E-B1AF-3B5A21FEEBC6}.Release|Any CPU.Build.0 = Release|Any CPU
		{19074A01-55EB-4CC9-B842-6E58B9D7FAC3}.Debug|Any CPU.ActiveCfg = Debug|Any CPU
		{19074A01-55EB-4CC9-B842-6E58B9D7FAC3}.Debug|Any CPU.Build.0 = Debug|Any CPU
		{19074A01-55EB-4CC9-B842-6E58B9D7FAC3}.Release|Any CPU.ActiveCfg = Release|Any CPU
		{19074A01-55EB-4CC9-B842-6E58B9D7FAC3}.Release|Any CPU.Build.0 = Release|Any CPU
	EndGlobalSection
	GlobalSection(SolutionProperties) = preSolution
		HideSolutionNode = FALSE
	EndGlobalSection
EndGlobal
